<Solution>
  <Project Path="projections/dotnet/contracts/hlp.contracts.identities/Harborline.Contracts.csproj" />
  <Project Path="projections/dotnet/contracts/hlp.contracts.identities.tests/Harborline.Contracts.Tests.csproj" />
  <Project Path="projections/dotnet/kernel/hlp.kernel.schema-validation/Harborline.Kernel.SchemaValidation.csproj" />
  <Project Path="projections/dotnet/kernel/hlp.kernel.schema-validation.tests/Harborline.Kernel.SchemaValidation.Tests.csproj" />
  <Project Path="projections/dotnet/kernel/hlp.kernel.work-items/Harborline.Kernel.WorkItems.csproj" />
  <Project Path="projections/dotnet/kernel/hlp.kernel.work-items.tests/Harborline.Kernel.WorkItems.Tests.csproj" />
  <Project Path="projections/dotnet/blocks/hlp.blocks.inspection-review/Harborline.Blocks.InspectionReview.csproj" />
  <Project Path="projections/dotnet/blocks/hlp.blocks.inspection-review.tests/Harborline.Blocks.InspectionReview.Tests.csproj" />
  <Project Path="projections/dotnet/blocks/hlp.blocks.builder-definitions/Harborline.Blocks.BuilderDefinitions.csproj" />
  <Project Path="projections/dotnet/blocks/hlp.blocks.builder-definitions.tests/Harborline.Blocks.BuilderDefinitions.Tests.csproj" />
  <Project Path="projections/dotnet/blocks/hlp.blocks.aggregates/Harborline.Blocks.Aggregates.csproj" />
  <Project Path="projections/dotnet/blocks/hlp.blocks.aggregates.tests/Harborline.Blocks.Aggregates.Tests.csproj" />
  <Project Path="projections/dotnet/blocks/hlp.blocks.relative-chains/Harborline.Blocks.RelativeChains.csproj" />
  <Project Path="projections/dotnet/blocks/hlp.blocks.relative-chains.tests/Harborline.Blocks.RelativeChains.Tests.csproj" />
  <Project Path="projections/dotnet/blocks/hlp.blocks.workflow/Harborline.Blocks.Workflow.csproj" />
  <Project Path="projections/dotnet/blocks/hlp.blocks.workflow.tests/Harborline.Blocks.Workflow.Tests.csproj" />
  <Project Path="projections/dotnet/blocks/hlp.blocks.workflow.restart-probe/Harborline.Blocks.Workflow.RestartProbe.csproj" />
  <Project Path="projections/dotnet/blocks/hlp.blocks.workflow-interpreter/Harborline.Blocks.Workflow.Interpreter.csproj" />
  <Project Path="projections/dotnet/blocks/hlp.blocks.workflow-interpreter.tests/Harborline.Blocks.Workflow.Interpreter.Tests.csproj" />
  <Project Path="projections/dotnet/blocks/hlp.blocks.entity-views/Harborline.Blocks.EntityViews.csproj" />
  <Project Path="projections/dotnet/blocks/hlp.blocks.entity-views.tests/Harborline.Blocks.EntityViews.Tests.csproj" />
  <Project Path="projections/dotnet/foundation/hlp.foundation.scheduling/Harborline.Foundation.Scheduling.csproj" />
  <Project Path="projections/dotnet/foundation/hlp.foundation.scheduling.tests/Harborline.Foundation.Scheduling.Tests.csproj" />
  <Project Path="projections/dotnet/blocks/hlp.blocks.scheduling/Harborline.Blocks.Scheduling.csproj" />
  <Project Path="projections/dotnet/blocks/hlp.blocks.scheduling.tests/Harborline.Blocks.Scheduling.Tests.csproj" />
  <Project Path="projections/dotnet/blocks/hlp.blocks.calendar/Harborline.Blocks.Calendar.csproj" />
  <Project Path="projections/dotnet/blocks/hlp.blocks.calendar.tests/Harborline.Blocks.Calendar.Tests.csproj" />
  <Project Path="projections/dotnet/blocks/hlp.blocks.scheduling.restart-probe/Harborline.Blocks.Scheduling.RestartProbe.csproj" />
  <Project Path="projections/dotnet/blocks/hlp.blocks.reports/Harborline.Blocks.Reports.csproj" />
  <Project Path="projections/dotnet/blocks/hlp.blocks.reports.tests/Harborline.Blocks.Reports.Tests.csproj" />
  <Project Path="projections/dotnet/blocks/hlp.blocks.activity-timeline/Harborline.Blocks.ActivityTimeline.csproj" />
  <Project Path="projections/dotnet/blocks/hlp.blocks.activity-timeline.tests/Harborline.Blocks.ActivityTimeline.Tests.csproj" />
  <Project Path="projections/dotnet/foundation/hlp.foundation.rule-runtime/Harborline.Foundation.RuleEngine.csproj" />
  <Project Path="projections/dotnet/foundation/hlp.foundation.rule-runtime.tests/Harborline.Foundation.RuleEngine.Tests.csproj" />
  <Project Path="projections/dotnet/foundation/hlp.foundation.rule-authoring/Harborline.Foundation.RuleAuthoring.csproj" />
  <Project Path="projections/dotnet/foundation/hlp.foundation.rule-authoring.tests/Harborline.Foundation.RuleAuthoring.Tests.csproj" />
  <Project Path="projections/dotnet/foundation/hlp.foundation.forms/Harborline.Foundation.Forms.csproj" />
  <Project Path="projections/dotnet/foundation/hlp.foundation.forms.tests/Harborline.Foundation.Forms.Tests.csproj" />
  <Project Path="projections/dotnet/foundation/hlp.foundation.forms-engine/Harborline.Foundation.Forms.Engine.csproj" />
  <Project Path="projections/dotnet/foundation/hlp.foundation.forms-engine.restart-probe/Harborline.Foundation.Forms.Engine.RestartProbe.csproj" />
  <Project Path="projections/dotnet/foundation/hlp.foundation.forms-engine.tests/Harborline.Foundation.Forms.Engine.Tests.csproj" />
  <Project Path="projections/dotnet/foundation/hlp.foundation.tenancy/Harborline.Foundation.MultiTenancy.csproj" />
  <Project Path="projections/dotnet/foundation/hlp.foundation.tenancy.tests/Harborline.Foundation.MultiTenancy.Tests.csproj" />
  <Project Path="projections/dotnet/foundation/hlp.foundation.actor/Harborline.Foundation.Authorization.csproj" />
  <Project Path="projections/dotnet/foundation/hlp.foundation.actor.tests/Harborline.Foundation.Authorization.Tests.csproj" />
  <Project Path="projections/dotnet/foundation/hlp.foundation.session/Harborline.Foundation.Session.csproj" />
  <Project Path="projections/dotnet/foundation/hlp.foundation.session.tests/Harborline.Foundation.Session.Tests.csproj" />
  <Project Path="projections/blazor/ui/hlp.ui.button/Harborline.UIAdapters.Blazor.csproj" />
  <Project Path="projections/blazor/ui/hlp.ui.button.tests/Harborline.UIAdapters.Blazor.Tests.csproj" />
  <Project Path="projections/dotnet/foundation/hlp.ui.button/Harborline.Foundation.csproj" />
  <Project Path="projections/dotnet/foundation/hlp.ui.support.tests/Harborline.Foundation.UI.Tests.csproj" />
  <Project Path="projections/dotnet/architecture/hlp.architecture.tests/Harborline.Architecture.Tests.csproj" />
</Solution>
